
Microsoft Visual Studio Solution File, Format Version 12.00
# Visual Studio 15
VisualStudioVersion = 15.0.28307.1062
MinimumVisualStudioVersion = 10.0.40219.1
Project("{8BC9CEB8-8B4A-11D0-8D11-00A0C91BC942}") = "CppFTROU.Module1", "CppFTROU.Module1\CppFTROU.Module1.vcxproj", "{9F307346-6572-4405-A1FA-21D11E6969F4}"
EndProject
Project("{8BC9CEB8-8B4A-11D0-8D11-00A0C91BC942}") = "CppFTROU.Module2", "CppFTROU.Module2\CppFTROU.Module2.vcxproj", "{0B7FD269-BBAC-4ADC-9AE6-3AB7C7A6388F}"
EndProject
Project("{8BC9CEB8-8B4A-11D0-8D11-00A0C91BC942}") = "CppFTROU.Module3", "CppFTROU.Module3\CppFTROU.Module3.vcxproj", "{33573DBC-8B4B-4958-BE20-4A1B71F8716E}"
EndProject
Project("{8BC9CEB8-8B4A-11D0-8D11-00A0C91BC942}") = "CppFTROU.Module4", "CppFTROU.Module4\CppFTROU.Module4.vcxproj", "{06255A24-B30A-4D78-B469-16750C438C01}"
EndProject
Project("{2150E333-8FDC-42A3-9474-1A3956D46DE8}") = "Project Itens", "Project Itens", "{DFB627E7-8931-48EC-A5E9-7FFB67FA6D5D}"
	ProjectSection(SolutionItems) = preProject
		.gitignore = .gitignore
		LICENSE = LICENSE
		README.md = README.md
	EndProjectSection
EndProject
Project("{8BC9CEB8-8B4A-11D0-8D11-00A0C91BC942}") = "CppFTROU.Module5", "CppFTROU.Module5\CppFTROU.Module5.vcxproj", "{F23C5588-734E-451D-8802-06F6205597BB}"
EndProject
Project("{8BC9CEB8-8B4A-11D0-8D11-00A0C91BC942}") = "CppFTROU.Module6", "CppFTROU.Module6\CppFTROU.Module6.vcxproj", "{37819D7D-E1BD-41A6-9C80-03BCBCDA3FB0}"
EndProject
Project("{8BC9CEB8-8B4A-11D0-8D11-00A0C91BC942}") = "CppFTROU.Module7", "CppFTROU.Module7\CppFTROU.Module7.vcxproj", "{E664E543-68D8-4619-9E5C-A33C3B3C141D}"
EndProject
Project("{FAE04EC0-301F-11D3-BF4B-00C04F79EFBC}") = "CSharpSandbox", "CSharpSandbox\CSharpSandbox.csproj", "{424F8B7F-0824-43F4-8ED3-23C7FDEE3114}"
EndProject
Project("{8BC9CEB8-8B4A-11D0-8D11-00A0C91BC942}") = "CppFTROU.Module8", "CppFTROU.Module8\CppFTROU.Module8.vcxproj", "{BEA01A3B-9F5B-48A3-B294-B08781D14897}"
EndProject
Project("{8BC9CEB8-8B4A-11D0-8D11-00A0C91BC942}") = "CppFTROU.Module9", "CppFTROU.Module9\CppFTROU.Module9.vcxproj", "{02A64932-32D6-43E6-8087-14431577B186}"
EndProject
Project("{8BC9CEB8-8B4A-11D0-8D11-00A0C91BC942}") = "CppFTROU.Module10", "CppFTROU.Module10\CppFTROU.Module10.vcxproj", "{1D09FFB4-EFCA-4E3F-9B19-45DF9B92ECF7}"
EndProject
Project("{8BC9CEB8-8B4A-11D0-8D11-00A0C91BC942}") = "CppFTROU.Module11", "CppFTROU.Module11\CppFTROU.Module11.vcxproj", "{C7F6174F-5CE9-42BB-B38A-F632EB607469}"
EndProject
Global
	GlobalSection(SolutionConfigurationPlatforms) = preSolution
		Debug|Any CPU = Debug|Any CPU
		Debug|x64 = Debug|x64
		Debug|x86 = Debug|x86
		Release|Any CPU = Release|Any CPU
		Release|x64 = Release|x64
		Release|x86 = Release|x86
	EndGlobalSection
	GlobalSection(ProjectConfigurationPlatforms) = postSolution
		{9F307346-6572-4405-A1FA-21D11E6969F4}.Debug|Any CPU.ActiveCfg = Debug|Win32
		{9F307346-6572-4405-A1FA-21D11E6969F4}.Debug|x64.ActiveCfg = Debug|x64
		{9F307346-6572-4405-A1FA-21D11E6969F4}.Debug|x64.Build.0 = Debug|x64
		{9F307346-6572-4405-A1FA-21D11E6969F4}.Debug|x86.ActiveCfg = Debug|Win32
		{9F307346-6572-4405-A1FA-21D11E6969F4}.Debug|x86.Build.0 = Debug|Win32
		{9F307346-6572-4405-A1FA-21D11E6969F4}.Release|Any CPU.ActiveCfg = Release|Win32
		{9F307346-6572-4405-A1FA-21D11E6969F4}.Release|x64.ActiveCfg = Release|x64
		{9F307346-6572-4405-A1FA-21D11E6969F4}.Release|x64.Build.0 = Release|x64
		{9F307346-6572-4405-A1FA-21D11E6969F4}.Release|x86.ActiveCfg = Release|Win32
		{9F307346-6572-4405-A1FA-21D11E6969F4}.Release|x86.Build.0 = Release|Win32
		{0B7FD269-BBAC-4ADC-9AE6-3AB7C7A6388F}.Debug|Any CPU.ActiveCfg = Debug|Win32
		{0B7FD269-BBAC-4ADC-9AE6-3AB7C7A6388F}.Debug|x64.ActiveCfg = Debug|x64
		{0B7FD269-BBAC-4ADC-9AE6-3AB7C7A6388F}.Debug|x64.Build.0 = Debug|x64
		{0B7FD269-BBAC-4ADC-9AE6-3AB7C7A6388F}.Debug|x86.ActiveCfg = Debug|Win32
		{0B7FD269-BBAC-4ADC-9AE6-3AB7C7A6388F}.Debug|x86.Build.0 = Debug|Win32
		{0B7FD269-BBAC-4ADC-9AE6-3AB7C7A6388F}.Release|Any CPU.ActiveCfg = Release|Win32
		{0B7FD269-BBAC-4ADC-9AE6-3AB7C7A6388F}.Release|x64.ActiveCfg = Release|x64
		{0B7FD269-BBAC-4ADC-9AE6-3AB7C7A6388F}.Release|x64.Build.0 = Release|x64
		{0B7FD269-BBAC-4ADC-9AE6-3AB7C7A6388F}.Release|x86.ActiveCfg = Release|Win32
		{0B7FD269-BBAC-4ADC-9AE6-3AB7C7A6388F}.Release|x86.Build.0 = Release|Win32
		{33573DBC-8B4B-4958-BE20-4A1B71F8716E}.Debug|Any CPU.ActiveCfg = Debug|Win32
		{33573DBC-8B4B-4958-BE20-4A1B71F8716E}.Debug|x64.ActiveCfg = Debug|x64
		{33573DBC-8B4B-4958-BE20-4A1B71F8716E}.Debug|x64.Build.0 = Debug|x64
		{33573DBC-8B4B-4958-BE20-4A1B71F8716E}.Debug|x86.ActiveCfg = Debug|Win32
		{33573DBC-8B4B-4958-BE20-4A1B71F8716E}.Debug|x86.Build.0 = Debug|Win32
		{33573DBC-8B4B-4958-BE20-4A1B71F8716E}.Release|Any CPU.ActiveCfg = Release|Win32
		{33573DBC-8B4B-4958-BE20-4A1B71F8716E}.Release|x64.ActiveCfg = Release|x64
		{33573DBC-8B4B-4958-BE20-4A1B71F8716E}.Release|x64.Build.0 = Release|x64
		{33573DBC-8B4B-4958-BE20-4A1B71F8716E}.Release|x86.ActiveCfg = Release|Win32
		{33573DBC-8B4B-4958-BE20-4A1B71F8716E}.Release|x86.Build.0 = Release|Win32
		{06255A24-B30A-4D78-B469-16750C438C01}.Debug|Any CPU.ActiveCfg = Debug|Win32
		{06255A24-B30A-4D78-B469-16750C438C01}.Debug|x64.ActiveCfg = Debug|x64
		{06255A24-B30A-4D78-B469-16750C438C01}.Debug|x64.Build.0 = Debug|x64
		{06255A24-B30A-4D78-B469-16750C438C01}.Debug|x86.ActiveCfg = Debug|Win32
		{06255A24-B30A-4D78-B469-16750C438C01}.Debug|x86.Build.0 = Debug|Win32
		{06255A24-B30A-4D78-B469-16750C438C01}.Release|Any CPU.ActiveCfg = Release|Win32
		{06255A24-B30A-4D78-B469-16750C438C01}.Release|x64.ActiveCfg = Release|x64
		{06255A24-B30A-4D78-B469-16750C438C01}.Release|x64.Build.0 = Release|x64
		{06255A24-B30A-4D78-B469-16750C438C01}.Release|x86.ActiveCfg = Release|Win32
		{06255A24-B30A-4D78-B469-16750C438C01}.Release|x86.Build.0 = Release|Win32
		{F23C5588-734E-451D-8802-06F6205597BB}.Debug|Any CPU.ActiveCfg = Debug|Win32
		{F23C5588-734E-451D-8802-06F6205597BB}.Debug|x64.ActiveCfg = Debug|x64
		{F23C5588-734E-451D-8802-06F6205597BB}.Debug|x64.Build.0 = Debug|x64
		{F23C5588-734E-451D-8802-06F6205597BB}.Debug|x86.ActiveCfg = Debug|Win32
		{F23C5588-734E-451D-8802-06F6205597BB}.Debug|x86.Build.0 = Debug|Win32
		{F23C5588-734E-451D-8802-06F6205597BB}.Release|Any CPU.ActiveCfg = Release|Win32
		{F23C5588-734E-451D-8802-06F6205597BB}.Release|x64.ActiveCfg = Release|x64
		{F23C5588-734E-451D-8802-06F6205597BB}.Release|x64.Build.0 = Release|x64
		{F23C5588-734E-451D-8802-06F6205597BB}.Release|x86.ActiveCfg = Release|Win32
		{F23C5588-734E-451D-8802-06F6205597BB}.Release|x86.Build.0 = Release|Win32
		{37819D7D-E1BD-41A6-9C80-03BCBCDA3FB0}.Debug|Any CPU.ActiveCfg = Debug|Win32
		{37819D7D-E1BD-41A6-9C80-03BCBCDA3FB0}.Debug|x64.ActiveCfg = Debug|x64
		{37819D7D-E1BD-41A6-9C80-03BCBCDA3FB0}.Debug|x64.Build.0 = Debug|x64
		{37819D7D-E1BD-41A6-9C80-03BCBCDA3FB0}.Debug|x86.ActiveCfg = Debug|Win32
		{37819D7D-E1BD-41A6-9C80-03BCBCDA3FB0}.Debug|x86.Build.0 = Debug|Win32
		{37819D7D-E1BD-41A6-9C80-03BCBCDA3FB0}.Release|Any CPU.ActiveCfg = Release|Win32
		{37819D7D-E1BD-41A6-9C80-03BCBCDA3FB0}.Release|x64.ActiveCfg = Release|x64
		{37819D7D-E1BD-41A6-9C80-03BCBCDA3FB0}.Release|x64.Build.0 = Release|x64
		{37819D7D-E1BD-41A6-9C80-03BCBCDA3FB0}.Release|x86.ActiveCfg = Release|Win32
		{37819D7D-E1BD-41A6-9C80-03BCBCDA3FB0}.Release|x86.Build.0 = Release|Win32
		{E664E543-68D8-4619-9E5C-A33C3B3C141D}.Debug|Any CPU.ActiveCfg = Debug|Win32
		{E664E543-68D8-4619-9E5C-A33C3B3C141D}.Debug|x64.ActiveCfg = Debug|x64
		{E664E543-68D8-4619-9E5C-A33C3B3C141D}.Debug|x64.Build.0 = Debug|x64
		{E664E543-68D8-4619-9E5C-A33C3B3C141D}.Debug|x86.ActiveCfg = Debug|Win32
		{E664E543-68D8-4619-9E5C-A33C3B3C141D}.Debug|x86.Build.0 = Debug|Win32
		{E664E543-68D8-4619-9E5C-A33C3B3C141D}.Release|Any CPU.ActiveCfg = Release|Win32
		{E664E543-68D8-4619-9E5C-A33C3B3C141D}.Release|x64.ActiveCfg = Release|x64
		{E664E543-68D8-4619-9E5C-A33C3B3C141D}.Release|x64.Build.0 = Release|x64
		{E664E543-68D8-4619-9E5C-A33C3B3C141D}.Release|x86.ActiveCfg = Release|Win32
		{E664E543-68D8-4619-9E5C-A33C3B3C141D}.Release|x86.Build.0 = Release|Win32
		{424F8B7F-0824-43F4-8ED3-23C7FDEE3114}.Debug|Any CPU.ActiveCfg = Debug|Any CPU
		{424F8B7F-0824-43F4-8ED3-23C7FDEE3114}.Debug|Any CPU.Build.0 = Debug|Any CPU
		{424F8B7F-0824-43F4-8ED3-23C7FDEE3114}.Debug|x64.ActiveCfg = Debug|Any CPU
		{424F8B7F-0824-43F4-8ED3-23C7FDEE3114}.Debug|x64.Build.0 = Debug|Any CPU
		{424F8B7F-0824-43F4-8ED3-23C7FDEE3114}.Debug|x86.ActiveCfg = Debug|Any CPU
		{424F8B7F-0824-43F4-8ED3-23C7FDEE3114}.Debug|x86.Build.0 = Debug|Any CPU
		{424F8B7F-0824-43F4-8ED3-23C7FDEE3114}.Release|Any CPU.ActiveCfg = Release|Any CPU
		{424F8B7F-0824-43F4-8ED3-23C7FDEE3114}.Release|Any CPU.Build.0 = Release|Any CPU
		{424F8B7F-0824-43F4-8ED3-23C7FDEE3114}.Release|x64.ActiveCfg = Release|Any CPU
		{424F8B7F-0824-43F4-8ED3-23C7FDEE3114}.Release|x64.Build.0 = Release|Any CPU
		{424F8B7F-0824-43F4-8ED3-23C7FDEE3114}.Release|x86.ActiveCfg = Release|Any CPU
		{424F8B7F-0824-43F4-8ED3-23C7FDEE3114}.Release|x86.Build.0 = Release|Any CPU
		{BEA01A3B-9F5B-48A3-B294-B08781D14897}.Debug|Any CPU.ActiveCfg = Debug|Win32
		{BEA01A3B-9F5B-48A3-B294-B08781D14897}.Debug|x64.ActiveCfg = Debug|x64
		{BEA01A3B-9F5B-48A3-B294-B08781D14897}.Debug|x64.Build.0 = Debug|x64
		{BEA01A3B-9F5B-48A3-B294-B08781D14897}.Debug|x86.ActiveCfg = Debug|Win32
		{BEA01A3B-9F5B-48A3-B294-B08781D14897}.Debug|x86.Build.0 = Debug|Win32
		{BEA01A3B-9F5B-48A3-B294-B08781D14897}.Release|Any CPU.ActiveCfg = Release|Win32
		{BEA01A3B-9F5B-48A3-B294-B08781D14897}.Release|x64.ActiveCfg = Release|x64
		{BEA01A3B-9F5B-48A3-B294-B08781D14897}.Release|x64.Build.0 = Release|x64
		{BEA01A3B-9F5B-48A3-B294-B08781D14897}.Release|x86.ActiveCfg = Release|Win32
		{BEA01A3B-9F5B-48A3-B294-B08781D14897}.Release|x86.Build.0 = Release|Win32
		{02A64932-32D6-43E6-8087-14431577B186}.Debug|Any CPU.ActiveCfg = Debug|Win32
		{02A64932-32D6-43E6-8087-14431577B186}.Debug|x64.ActiveCfg = Debug|x64
		{02A64932-32D6-43E6-8087-14431577B186}.Debug|x64.Build.0 = Debug|x64
		{02A64932-32D6-43E6-8087-14431577B186}.Debug|x86.ActiveCfg = Debug|Win32
		{02A64932-32D6-43E6-8087-14431577B186}.Debug|x86.Build.0 = Debug|Win32
		{02A64932-32D6-43E6-8087-14431577B186}.Release|Any CPU.ActiveCfg = Release|Win32
		{02A64932-32D6-43E6-8087-14431577B186}.Release|x64.ActiveCfg = Release|x64
		{02A64932-32D6-43E6-8087-14431577B186}.Release|x64.Build.0 = Release|x64
		{02A64932-32D6-43E6-8087-14431577B186}.Release|x86.ActiveCfg = Release|Win32
		{02A64932-32D6-43E6-8087-14431577B186}.Release|x86.Build.0 = Release|Win32
		{1D09FFB4-EFCA-4E3F-9B19-45DF9B92ECF7}.Debug|Any CPU.ActiveCfg = Debug|Win32
		{1D09FFB4-EFCA-4E3F-9B19-45DF9B92ECF7}.Debug|x64.ActiveCfg = Debug|x64
		{1D09FFB4-EFCA-4E3F-9B19-45DF9B92ECF7}.Debug|x64.Build.0 = Debug|x64
		{1D09FFB4-EFCA-4E3F-9B19-45DF9B92ECF7}.Debug|x86.ActiveCfg = Debug|Win32
		{1D09FFB4-EFCA-4E3F-9B19-45DF9B92ECF7}.Debug|x86.Build.0 = Debug|Win32
		{1D09FFB4-EFCA-4E3F-9B19-45DF9B92ECF7}.Release|Any CPU.ActiveCfg = Release|Win32
		{1D09FFB4-EFCA-4E3F-9B19-45DF9B92ECF7}.Release|x64.ActiveCfg = Release|x64
		{1D09FFB4-EFCA-4E3F-9B19-45DF9B92ECF7}.Release|x64.Build.0 = Release|x64
		{1D09FFB4-EFCA-4E3F-9B19-45DF9B92ECF7}.Release|x86.ActiveCfg = Release|Win32
		{1D09FFB4-EFCA-4E3F-9B19-45DF9B92ECF7}.Release|x86.Build.0 = Release|Win32
		{C7F6174F-5CE9-42BB-B38A-F632EB607469}.Debug|Any CPU.ActiveCfg = Debug|Win32
		{C7F6174F-5CE9-42BB-B38A-F632EB607469}.Debug|x64.ActiveCfg = Debug|x64
		{C7F6174F-5CE9-42BB-B38A-F632EB607469}.Debug|x64.Build.0 = Debug|x64
		{C7F6174F-5CE9-42BB-B38A-F632EB607469}.Debug|x86.ActiveCfg = Debug|Win32
		{C7F6174F-5CE9-42BB-B38A-F632EB607469}.Debug|x86.Build.0 = Debug|Win32
		{C7F6174F-5CE9-42BB-B38A-F632EB607469}.Release|Any CPU.ActiveCfg = Release|Win32
		{C7F6174F-5CE9-42BB-B38A-F632EB607469}.Release|x64.ActiveCfg = Release|x64
		{C7F6174F-5CE9-42BB-B38A-F632EB607469}.Release|x64.Build.0 = Release|x64
		{C7F6174F-5CE9-42BB-B38A-F632EB607469}.Release|x86.ActiveCfg = Release|Win32
		{C7F6174F-5CE9-42BB-B38A-F632EB607469}.Release|x86.Build.0 = Release|Win32
	EndGlobalSection
	GlobalSection(SolutionProperties) = preSolution
		HideSolutionNode = FALSE
	EndGlobalSection
	GlobalSection(ExtensibilityGlobals) = postSolution
		SolutionGuid = {F9618760-FBD7-4564-A27D-A0F12C7045FD}
	EndGlobalSection
EndGlobal
